
Microsoft Visual Studio Solution File, Format Version 12.00
# Visual Studio Version 17
VisualStudioVersion = 17.0.31903.59
MinimumVisualStudioVersion = 10.0.40219.1
Project("{FAE04EC0-301F-11D3-BF4B-00C04F79EFBC}") = "Aviator.Api", "Aviator.Api\Aviator.Api.csproj", "{26B6519C-5A87-4002-AD0A-05FBCCCF5EC7}"
EndProject
Project("{FAE04EC0-301F-11D3-BF4B-00C04F79EFBC}") = "Aviator.Domain", "Aviator.Domain\Aviator.Domain.csproj", "{EB3F9B65-88F3-42CF-9E88-642C29C8561C}"
EndProject
Project("{FAE04EC0-301F-11D3-BF4B-00C04F79EFBC}") = "Aviator.Application", "Aviator.Application\Aviator.Application.csproj", "{920ED15A-5BE3-4D8C-A572-2E44A379DF99}"
EndProject
Project("{FAE04EC0-301F-11D3-BF4B-00C04F79EFBC}") = "Aviator.Infrastruct", "Aviator.Infrastruct\Aviator.Infrastruct.csproj", "{E48898F7-9D28-42CE-A84F-0AF7FCBC28C0}"
EndProject
Global
	GlobalSection(SolutionConfigurationPlatforms) = preSolution
		Debug|Any CPU = Debug|Any CPU
		Debug|x64 = Debug|x64
		Debug|x86 = Debug|x86
		Release|Any CPU = Release|Any CPU
		Release|x64 = Release|x64
		Release|x86 = Release|x86
	EndGlobalSection
	GlobalSection(ProjectConfigurationPlatforms) = postSolution
		{26B6519C-5A87-4002-AD0A-05FBCCCF5EC7}.Debug|Any CPU.ActiveCfg = Debug|Any CPU
		{26B6519C-5A87-4002-AD0A-05FBCCCF5EC7}.Debug|Any CPU.Build.0 = Debug|Any CPU
		{26B6519C-5A87-4002-AD0A-05FBCCCF5EC7}.Debug|x64.ActiveCfg = Debug|Any CPU
		{26B6519C-5A87-4002-AD0A-05FBCCCF5EC7}.Debug|x64.Build.0 = Debug|Any CPU
		{26B6519C-5A87-4002-AD0A-05FBCCCF5EC7}.Debug|x86.ActiveCfg = Debug|Any CPU
		{26B6519C-5A87-4002-AD0A-05FBCCCF5EC7}.Debug|x86.Build.0 = Debug|Any CPU
		{26B6519C-5A87-4002-AD0A-05FBCCCF5EC7}.Release|Any CPU.ActiveCfg = Release|Any CPU
		{26B6519C-5A87-4002-AD0A-05FBCCCF5EC7}.Release|Any CPU.Build.0 = Release|Any CPU
		{26B6519C-5A87-4002-AD0A-05FBCCCF5EC7}.Release|x64.ActiveCfg = Release|Any CPU
		{26B6519C-5A87-4002-AD0A-05FBCCCF5EC7}.Release|x64.Build.0 = Release|Any CPU
		{26B6519C-5A87-4002-AD0A-05FBCCCF5EC7}.Release|x86.ActiveCfg = Release|Any CPU
		{26B6519C-5A87-4002-AD0A-05FBCCCF5EC7}.Release|x86.Build.0 = Release|Any CPU
		{EB3F9B65-88F3-42CF-9E88-642C29C8561C}.Debug|Any CPU.ActiveCfg = Debug|Any CPU
		{EB3F9B65-88F3-42CF-9E88-642C29C8561C}.Debug|Any CPU.Build.0 = Debug|Any CPU
		{EB3F9B65-88F3-42CF-9E88-642C29C8561C}.Debug|x64.ActiveCfg = Debug|Any CPU
		{EB3F9B65-88F3-42CF-9E88-642C29C8561C}.Debug|x64.Build.0 = Debug|Any CPU
		{EB3F9B65-88F3-42CF-9E88-642C29C8561C}.Debug|x86.ActiveCfg = Debug|Any CPU
		{EB3F9B65-88F3-42CF-9E88-642C29C8561C}.Debug|x86.Build.0 = Debug|Any CPU
		{EB3F9B65-88F3-42CF-9E88-642C29C8561C}.Release|Any CPU.ActiveCfg = Release|Any CPU
		{EB3F9B65-88F3-42CF-9E88-642C29C8561C}.Release|Any CPU.Build.0 = Release|Any CPU
		{EB3F9B65-88F3-42CF-9E88-642C29C8561C}.Release|x64.ActiveCfg = Release|Any CPU
		{EB3F9B65-88F3-42CF-9E88-642C29C8561C}.Release|x64.Build.0 = Release|Any CPU
		{EB3F9B65-88F3-42CF-9E88-642C29C8561C}.Release|x86.ActiveCfg = Release|Any CPU
		{EB3F9B65-88F3-42CF-9E88-642C29C8561C}.Release|x86.Build.0 = Release|Any CPU
		{920ED15A-5BE3-4D8C-A572-2E44A379DF99}.Debug|Any CPU.ActiveCfg = Debug|Any CPU
		{920ED15A-5BE3-4D8C-A572-2E44A379DF99}.Debug|Any CPU.Build.0 = Debug|Any CPU
		{920ED15A-5BE3-4D8C-A572-2E44A379DF99}.Debug|x64.ActiveCfg = Debug|Any CPU
		{920ED15A-5BE3-4D8C-A572-2E44A379DF99}.Debug|x64.Build.0 = Debug|Any CPU
		{920ED15A-5BE3-4D8C-A572-2E44A379DF99}.Debug|x86.ActiveCfg = Debug|Any CPU
		{920ED15A-5BE3-4D8C-A572-2E44A379DF99}.Debug|x86.Build.0 = Debug|Any CPU
		{920ED15A-5BE3-4D8C-A572-2E44A379DF99}.Release|Any CPU.ActiveCfg = Release|Any CPU
		{920ED15A-5BE3-4D8C-A572-2E44A379DF99}.Release|Any CPU.Build.0 = Release|Any CPU
		{920ED15A-5BE3-4D8C-A572-2E44A379DF99}.Release|x64.ActiveCfg = Release|Any CPU
		{920ED15A-5BE3-4D8C-A572-2E44A379DF99}.Release|x64.Build.0 = Release|Any CPU
		{920ED15A-5BE3-4D8C-A572-2E44A379DF99}.Release|x86.ActiveCfg = Release|Any CPU
		{920ED15A-5BE3-4D8C-A572-2E44A379DF99}.Release|x86.Build.0 = Release|Any CPU
		{E48898F7-9D28-42CE-A84F-0AF7FCBC28C0}.Debug|Any CPU.ActiveCfg = Debug|Any CPU
		{E48898F7-9D28-42CE-A84F-0AF7FCBC28C0}.Debug|Any CPU.Build.0 = Debug|Any CPU
		{E48898F7-9D28-42CE-A84F-0AF7FCBC28C0}.Debug|x64.ActiveCfg = Debug|Any CPU
		{E48898F7-9D28-42CE-A84F-0AF7FCBC28C0}.Debug|x64.Build.0 = Debug|Any CPU
		{E48898F7-9D28-42CE-A84F-0AF7FCBC28C0}.Debug|x86.ActiveCfg = Debug|Any CPU
		{E48898F7-9D28-42CE-A84F-0AF7FCBC28C0}.Debug|x86.Build.0 = Debug|Any CPU
		{E48898F7-9D28-42CE-A84F-0AF7FCBC28C0}.Release|Any CPU.ActiveCfg = Release|Any CPU
		{E48898F7-9D28-42CE-A84F-0AF7FCBC28C0}.Release|Any CPU.Build.0 = Release|Any CPU
		{E48898F7-9D28-42CE-A84F-0AF7FCBC28C0}.Release|x64.ActiveCfg = Release|Any CPU
		{E48898F7-9D28-42CE-A84F-0AF7FCBC28C0}.Release|x64.Build.0 = Release|Any CPU
		{E48898F7-9D28-42CE-A84F-0AF7FCBC28C0}.Release|x86.ActiveCfg = Release|Any CPU
		{E48898F7-9D28-42CE-A84F-0AF7FCBC28C0}.Release|x86.Build.0 = Release|Any CPU
	EndGlobalSection
	GlobalSection(SolutionProperties) = preSolution
		HideSolutionNode = FALSE
	EndGlobalSection
EndGlobal
